github.com/aws/aws-sdk-go-v2/service/ssm v1.49.4 h1:2f1Gkbe9O15DntphmbdEInn6MGIZ3x2bbv8b0p/4awQ=
github.com/aws/aws-sdk-go-v2/service/ssm v1.49.4/go.mod h1:BlIdE/k0lwn8xyn8piK02oYjqKsxulo6yPV3BuIWuMI=
github.com/aws/smithy-go v1.20.1 h1:4SZlSlMr36UEqC7XOyRVb27XMeZubNcBNN+9IgEPIQw=
github.com/aws/smithy-go v1.20.1/go.mod h1:krry+ya/rV9RDcV/Q16kpu6ypI4K2czasz0NC3qS14E=
github.com/google/go-cmp v0.5.9 h1:O2Tfq5qg4qc4AmwVlvv0oLiVAGB7enBSJ2x2DqQFi38=
github.com/google/go-cmp v0.5.9/go.mod h1:17dUlkBOakJ0+DkrSSNjCkIjxS6bF9zb3elmeNGIjoY=
